# example v0.7.12 internal engine 0.7.12
d8b5a31cb0e05ff0d12b1c11bc36eb5cd408ae3b34da5e8f05dd8ceffb1f30d9  .agents/skills/std-autoreview/SKILL.md
79a325fb2bca9c93369a1b664ba72bdab4ab649d4fcb112810f6d1a065112fe9  .agents/skills/std-babysit/SKILL.md
7b3f303cf40757fb9b4ad56f45d276255c261875bddfcf583ea418f90fc05c60  .agents/skills/std-evidence/SKILL.md
8fd7eccb962ddd41b7857697aa49cb087a25da44999b390d0eaf0e9c9c73e5a6  .agents/skills/std-file-pr/SKILL.md
9b2c77b8b74c11cc7f107dd3a4a5a3bd842499ad3e1aea0bfa0f66592e3658cc  .agents/skills/std-implement/SKILL.md
e02d698f6c0bbff613617c79f89cdcad864701c77ec922c4b141498173be6c0f  .agents/skills/std-issue/SKILL.md
2e5914fef279b5645fe25e61dc87213967d1e9c638923927066bd7b3042f13a8  .codex/rules/std.rules
d5c1db5cda8fddb1912f91c9976ce4a4a23cb538293ae984e3161264c7835236  .github/ISSUE_TEMPLATE/agent-task.md
99499e30b5010b701e2af5883fce336685c093979f756ebde2b4dcc95db2ff84  .github/PULL_REQUEST_TEMPLATE.md
3897d0533f432d9c10ac4a7fa7bbb4e4a7216b950a3af8ad6051f2214ec04f6e  .github/workflows/std-cache-warm.yml
b155fd36b83d35c67f12a0de15f647c6696c4cf2d19caf8679d8317114bbead0  .github/workflows/std-gate.yml
e664a0d39430f884b6787ab9b25e6648c7347aab4233bce23587d1badb86ca29  scripts/agent/check.mjs
f2316d76d3cd35b49cd491209f3da19e1b3eed1b93326383155e19084e552dfe  scripts/agent/cleanup.mjs
04c219c30b3a0ec531806167b24d5b7803a20877fe970b050110f5ceca8b67b5  scripts/agent/evidence.mjs
dd8ee01986e179c9134e82ff99969e4f54ef4aca022536df65997c488099a7f8  scripts/agent/fresh.mjs
eb89f4173c4169177f656e29969eadb57e7584c77e261695d274451b735974c6  scripts/agent/gate.mjs
41e0b18586c7967cf33038c19d10620861d3f267f87c4f03d913a9457ba487bc  scripts/agent/jsscan.mjs
9e823c34444bb0f2004c3095aa0b74f85ad62ff06308a265ef3a275c84173b7b  scripts/agent/local.mjs
806ebd2f88b6d63eb715c8691bdb7cb8d9e4e8ea5f469ba35da3c0f9f977341a  scripts/agent/pack.json
f931301273d5f4fa6e77183f1ba995d54c25e4771e30b1d59c89dc7aae870b4c  scripts/agent/pins.mjs
f8e2755413af6688a8041a0fecf0970a76024dfb33de3b80ccb150ca3b9194d3  scripts/agent/portal-pass.mjs
94f91a6b909e46c989d46abe42846fd8c52534c465fd089c9b08a641eb2744da  scripts/agent/pr.sh
55d05b78ee0b239c0dfd263665c02627f675a339ef7feaafaa7813ce95273e33  scripts/agent/release-config.mjs
1c61e5d43d2cb81a15709892dd2199125a4fcdf739b319298948895ce290f175  scripts/agent/release.mjs
6c1f04f678c99699dd7778f188278ba081c84e7a4b9370e2ac853a1d3c47ed1a  scripts/agent/review.mjs
f4280e9256505066a9a125fb0481a9bd778d3713d3ecd532fadc8bbdfd5d93c9  scripts/agent/rollback.mjs
74efd57a1b56ebd2b6aaec50836c56607a603341875e6eeaadd3f51cea2cc1aa  scripts/agent/select.mjs
56c05c525aeeb9687829521cff90eb80d37d07688ac7b43a6010c7876d0e9617  scripts/agent/setup.sh
6499084d5b3a02e8a6a703007c61a1baaefb8c6a0944ab5516d712ed56e0c827  scripts/agent/staging.mjs
8bf529be38b66918700be769ea3d36da97c1ba22d40a4eb51912b86cf6cc572d  AGENTS.md#std
