# example v0.4.5 internal engine 0.4.5
b8460efed90b6a05a6a0a6201ca4316dd1512ce840b79dea6a8f6737dfcd3b97  .agents/skills/std-autoreview/SKILL.md
79a325fb2bca9c93369a1b664ba72bdab4ab649d4fcb112810f6d1a065112fe9  .agents/skills/std-babysit/SKILL.md
7b3f303cf40757fb9b4ad56f45d276255c261875bddfcf583ea418f90fc05c60  .agents/skills/std-evidence/SKILL.md
48ac35b47b07b688f8d410985c3a5590977ac9b3a43ffda5fa60b01055f17ef8  .agents/skills/std-file-pr/SKILL.md
bd09a36cddbf9a93b89545decdbf15349fb01315805333b33895b06796eb919c  .agents/skills/std-implement/SKILL.md
2e5914fef279b5645fe25e61dc87213967d1e9c638923927066bd7b3042f13a8  .codex/rules/std.rules
d5c1db5cda8fddb1912f91c9976ce4a4a23cb538293ae984e3161264c7835236  .github/ISSUE_TEMPLATE/agent-task.md
99499e30b5010b701e2af5883fce336685c093979f756ebde2b4dcc95db2ff84  .github/PULL_REQUEST_TEMPLATE.md
e7f46ee2a9be8942bd04365b2069010fc3f77b2a800f2d6e3e1eb925439a4287  .github/workflows/std-cache-warm.yml
598396a212bd236e91b5c0f33b41c9e6838701cc8b25e58f1413ecc16c48ebb3  .github/workflows/std-gate.yml
d197942b451697fe22ed857bd3295111bffe9dc6367480efd42c9e2cbd916708  scripts/agent/check.mjs
f2316d76d3cd35b49cd491209f3da19e1b3eed1b93326383155e19084e552dfe  scripts/agent/cleanup.mjs
04c219c30b3a0ec531806167b24d5b7803a20877fe970b050110f5ceca8b67b5  scripts/agent/evidence.mjs
f789199965011944e278eb0a3244840347ffdf2b98c3a517817e91f0dbe545a2  scripts/agent/gate.mjs
6f006ca87ed8f2eea3c0a2cdc27781abfb857e158ecaa0eed6d88f6634533887  scripts/agent/pack.json
f931301273d5f4fa6e77183f1ba995d54c25e4771e30b1d59c89dc7aae870b4c  scripts/agent/pins.mjs
94f91a6b909e46c989d46abe42846fd8c52534c465fd089c9b08a641eb2744da  scripts/agent/pr.sh
3fffbdbb310e95f8a2ab7c33b7fa39fe37565a2967ef744ebe3d3b771f12e362  scripts/agent/review.mjs
86391fa0d8b108d877354e5e4740a2d9d057d18546f923ddd5977b26a1f9e4ea  scripts/agent/setup.sh
40bef6421d226f417f8890b09f72154a07a2fd8e28620d107409e7bdcab01489  AGENTS.md#std
