# example v0.2.2 internal engine 0.2.2
86f7fbf190a4725627ef8ad6d029ac9e5599e30535e8a3c45905bbf6825808ee  .agents/skills/std-autoreview/SKILL.md
843036b116bce8552de726308dd3f48b7c36b608d530f978a10cb3b0cb6d4e61  .agents/skills/std-babysit/SKILL.md
dc4c49dc93d3146a47b7f62e3049a5abe407b64a476a87c6f269143c70b9231e  .agents/skills/std-evidence/SKILL.md
8c22894a163b489459eeccfaf8a1eb154126c8a6c942ff161b27bb208153d3cb  .agents/skills/std-file-pr/SKILL.md
430496677ba90d391d369a41945effe3165300ec2d482a8415dd6fdffbbfb3e3  .agents/skills/std-implement/SKILL.md
2e5914fef279b5645fe25e61dc87213967d1e9c638923927066bd7b3042f13a8  .codex/rules/std.rules
d5c1db5cda8fddb1912f91c9976ce4a4a23cb538293ae984e3161264c7835236  .github/ISSUE_TEMPLATE/agent-task.md
99499e30b5010b701e2af5883fce336685c093979f756ebde2b4dcc95db2ff84  .github/PULL_REQUEST_TEMPLATE.md
01ced08b58bee44372aec51ff29945528611369784a04cb2ac849287c4203b26  .github/workflows/std-gate-rerun.yml
524087444eed60a60c256ec61a3e7fa666477085bab50bfd4d96d566146c0596  .github/workflows/std-gate.yml
f169543085e51514384b3083b55d14985b09fab0082e515732a42230a7f2ea2a  scripts/agent/check.mjs
04c219c30b3a0ec531806167b24d5b7803a20877fe970b050110f5ceca8b67b5  scripts/agent/evidence.mjs
47c6f870ed5a2b5e75cb1b98e99128e186d10c3ff78cb806cd40c6d31fa1ec6e  scripts/agent/gate.mjs
8b1725e9ef000cce91f4fa9278258bb440865c9e89333f719192f9298f994000  scripts/agent/pack.json
ec3dff44939a44ce8045475cb6541751836d56d234b55570b559d0992aae5a04  scripts/agent/pr.sh
313b6cbfd39a4a21267dc04ef397b6d7a37d0f403382a82e5b7087f140f8be7c  scripts/agent/setup.sh
11ab4ca9b3929328a95f452db137d2600b82b4280e3d4e750de7925efc018b5f  AGENTS.md#std
